{
  "name": "skyffla-node-examples",
  "version": "0.1.0",
  "lockfileVersion": 3,
  "requires": true,
  "packages": {
    "": {
      "name": "skyffla-node-examples",
      "version": "0.1.0",
      "dependencies": {
        "skyffla": "^1.1.3"
      }
    },
    "node_modules/skyffla": {
      "name": "skyffla",
      "version": "1.1.3",
      "resolved": "https://registry.npmjs.org/skyffla/-/skyffla-1.1.3.tgz",
      "integrity": "sha512-Q89jJ6OQwU8Mwzs2HFKUOkiE6Lf1amfhxkrhChw3xy0rvuVhH4M+Eo8oVQxRyzTst4ijG1CeVPlBqN5OREzN7g==",
      "license": "MIT",
      "engines": {
        "node": ">=20"
      }
    }
  }
}
