{
  "name": "skyffla-node-examples",
  "version": "0.1.0",
  "lockfileVersion": 3,
  "requires": true,
  "packages": {
    "": {
      "name": "skyffla-node-examples",
      "version": "0.1.0",
      "dependencies": {
        "skyffla": "file:../../wrappers/node"
      }
    },
    "../../wrappers/node": {
      "name": "skyffla",
      "version": "1.3.0",
      "license": "MIT",
      "engines": {
        "node": ">=20"
      }
    },
    "node_modules/skyffla": {
      "resolved": "../../wrappers/node",
      "link": true
    }
  }
}
